// !$*UTF8*$!
{
	archiveVersion = 1;
	classes = {
	};
	objectVersion = 77;
	objects = {

/* Begin PBXBuildFile section */
		243F68242E08BBB6002A0631 /* emotion_color_mapping.json in Resources */ = {isa = PBXBuildFile; fileRef = 243F68212E08BBB6002A0631 /* emotion_color_mapping.json */; };
		243F68262E08BBB6002A0631 /* emotion_color_mapping.json in Resources */ = {isa = PBXBuildFile; fileRef = 243F68212E08BBB6002A0631 /* emotion_color_mapping.json */; };
		243F68282E08BBC5002A0631 /* EmotionDetector.swift in Sources */ = {isa = PBXBuildFile; fileRef = 243F68272E08BBC5002A0631 /* EmotionDetector.swift */; };
		243F682B2E08BBDD002A0631 /* EmotionColors.swift in Sources */ = {isa = PBXBuildFile; fileRef = 243F682A2E08BBDD002A0631 /* EmotionColors.swift */; };
		243F682D2E08BBEA002A0631 /* BubbleRenderer.swift in Sources */ = {isa = PBXBuildFile; fileRef = 243F682C2E08BBEA002A0631 /* BubbleRenderer.swift */; };
		243F68342E08C0D8002A0631 /* MessagesViewController.swift in Sources */ = {isa = PBXBuildFile; fileRef = 243F68322E08C0D8002A0631 /* MessagesViewController.swift */; };
		243F68352E08C0D8002A0631 /* Assets.xcassets in Resources */ = {isa = PBXBuildFile; fileRef = 243F682E2E08C0D8002A0631 /* Assets.xcassets */; };
		243F68362E08C0D8002A0631 /* MainInterface.storyboard in Resources */ = {isa = PBXBuildFile; fileRef = 243F68312E08C0D8002A0631 /* MainInterface.storyboard */; };
		243F68382E08C0D8002A0631 /* Assets.xcassets in Resources */ = {isa = PBXBuildFile; fileRef = 243F682E2E08C0D8002A0631 /* Assets.xcassets */; };
		243F68392E08C0D8002A0631 /* MainInterface.storyboard in Resources */ = {isa = PBXBuildFile; fileRef = 243F68312E08C0D8002A0631 /* MainInterface.storyboard */; };
		2444EDB32E074A6C003EF2F7 /* emotion-text-bubble-MessagesExtension.appex in Embed Foundation Extensions */ = {isa = PBXBuildFile; fileRef = 2444EDB22E074A6C003EF2F7 /* emotion-text-bubble-MessagesExtension.appex */; settings = {ATTRIBUTES = (RemoveHeadersOnCopy, ); }; };
		2444EDB82E074A6C003EF2F7 /* Messages.framework in Frameworks */ = {isa = PBXBuildFile; fileRef = 2444EDB72E074A6C003EF2F7 /* Messages.framework */; };
		24B282B52E08FBF90019FACE /* EmotionClassifier.mlmodel in Sources */ = {isa = PBXBuildFile; fileRef = 24B282B42E08FBF90019FACE /* EmotionClassifier.mlmodel */; };
/* End PBXBuildFile section */

/* Begin PBXContainerItemProxy section */
		2444EDB42E074A6C003EF2F7 /* PBXContainerItemProxy */ = {
			isa = PBXContainerItemProxy;
			containerPortal = 2444EDA32E074A6C003EF2F7 /* Project object */;
			proxyType = 1;
			remoteGlobalIDString = 2444EDB12E074A6C003EF2F7;
			remoteInfo = "emotion-text-bubble MessagesExtension";
		};
/* End PBXContainerItemProxy section */

/* Begin PBXCopyFilesBuildPhase section */
		2444EDC82E074A6D003EF2F7 /* Embed Foundation Extensions */ = {
			isa = PBXCopyFilesBuildPhase;
			buildActionMask = 2147483647;
			dstPath = "";
			dstSubfolderSpec = 13;
			files = (
				2444EDB32E074A6C003EF2F7 /* emotion-text-bubble-MessagesExtension.appex in Embed Foundation Extensions */,
			);
			name = "Embed Foundation Extensions";
			runOnlyForDeploymentPostprocessing = 0;
		};
/* End PBXCopyFilesBuildPhase section */

/* Begin PBXFileReference section */
		243F68212E08BBB6002A0631 /* emotion_color_mapping.json */ = {isa = PBXFileReference; lastKnownFileType = text.json; path = emotion_color_mapping.json; sourceTree = "<group>"; };
		243F68272E08BBC5002A0631 /* EmotionDetector.swift */ = {isa = PBXFileReference; lastKnownFileType = sourcecode.swift; path = EmotionDetector.swift; sourceTree = "<group>"; };
		243F68292E08BBCD002A0631 /* emotion-text-bubble-Bridging-Header.h */ = {isa = PBXFileReference; lastKnownFileType = sourcecode.c.h; path = "emotion-text-bubble-Bridging-Header.h"; sourceTree = "<group>"; };
		243F682A2E08BBDD002A0631 /* EmotionColors.swift */ = {isa = PBXFileReference; lastKnownFileType = sourcecode.swift; path = EmotionColors.swift; sourceTree = "<group>"; };
		243F682C2E08BBEA002A0631 /* BubbleRenderer.swift */ = {isa = PBXFileReference; lastKnownFileType = sourcecode.swift; path = BubbleRenderer.swift; sourceTree = "<group>"; };
		243F682E2E08C0D8002A0631 /* Assets.xcassets */ = {isa = PBXFileReference; lastKnownFileType = folder.assetcatalog; path = Assets.xcassets; sourceTree = "<group>"; };
		243F682F2E08C0D8002A0631 /* Info.plist */ = {isa = PBXFileReference; lastKnownFileType = text.plist.xml; path = Info.plist; sourceTree = "<group>"; };
		243F68302E08C0D8002A0631 /* Base */ = {isa = PBXFileReference; lastKnownFileType = file.storyboard; name = Base; path = Base.lproj/MainInterface.storyboard; sourceTree = "<group>"; };
		243F68322E08C0D8002A0631 /* MessagesViewController.swift */ = {isa = PBXFileReference; lastKnownFileType = sourcecode.swift; path = MessagesViewController.swift; sourceTree = "<group>"; };
		2444EDA92E074A6C003EF2F7 /* emotion-text-bubble.app */ = {isa = PBXFileReference; explicitFileType = wrapper.application; includeInIndex = 0; path = "emotion-text-bubble.app"; sourceTree = BUILT_PRODUCTS_DIR; };
		2444EDB22E074A6C003EF2F7 /* emotion-text-bubble-MessagesExtension.appex */ = {isa = PBXFileReference; explicitFileType = "wrapper.app-extension"; includeInIndex = 0; path = "emotion-text-bubble-MessagesExtension.appex"; sourceTree = BUILT_PRODUCTS_DIR; };
		2444EDB72E074A6C003EF2F7 /* Messages.framework */ = {isa = PBXFileReference; lastKnownFileType = wrapper.framework; name = Messages.framework; path = System/Library/Frameworks/Messages.framework; sourceTree = SDKROOT; };
		24B282B42E08FBF90019FACE /* EmotionClassifier.mlmodel */ = {isa = PBXFileReference; lastKnownFileType = file.mlmodel; path = EmotionClassifier.mlmodel; sourceTree = "<group>"; };
/* End PBXFileReference section */

/* Begin PBXFileSystemSynchronizedRootGroup section */
		2444EDAB2E074A6C003EF2F7 /* emotion-text-bubble */ = {
			isa = PBXFileSystemSynchronizedRootGroup;
			path = "emotion-text-bubble";
			sourceTree = "<group>";
		};
/* End PBXFileSystemSynchronizedRootGroup section */

/* Begin PBXFrameworksBuildPhase section */
		2444EDAF2E074A6C003EF2F7 /* Frameworks */ = {
			isa = PBXFrameworksBuildPhase;
			buildActionMask = 2147483647;
			files = (
				2444EDB82E074A6C003EF2F7 /* Messages.framework in Frameworks */,
			);
			runOnlyForDeploymentPostprocessing = 0;
		};
/* End PBXFrameworksBuildPhase section */

/* Begin PBXGroup section */
		243F68232E08BBB6002A0631 /* Shared */ = {
			isa = PBXGroup;
			children = (
				24B282B42E08FBF90019FACE /* EmotionClassifier.mlmodel */,
				243F68272E08BBC5002A0631 /* EmotionDetector.swift */,
				243F682A2E08BBDD002A0631 /* EmotionColors.swift */,
				243F682C2E08BBEA002A0631 /* BubbleRenderer.swift */,
				243F68212E08BBB6002A0631 /* emotion_color_mapping.json */,
				243F68292E08BBCD002A0631 /* emotion-text-bubble-Bridging-Header.h */,
			);
			path = Shared;
			sourceTree = "<group>";
		};
		243F68332E08C0D8002A0631 /* emotion-text-bubble-app */ = {
			isa = PBXGroup;
			children = (
				243F682E2E08C0D8002A0631 /* Assets.xcassets */,
				243F682F2E08C0D8002A0631 /* Info.plist */,
				243F68312E08C0D8002A0631 /* MainInterface.storyboard */,
				243F68322E08C0D8002A0631 /* MessagesViewController.swift */,
			);
			path = "emotion-text-bubble-app";
			sourceTree = "<group>";
		};
		2444EDA22E074A6C003EF2F7 = {
			isa = PBXGroup;
			children = (
				243F68332E08C0D8002A0631 /* emotion-text-bubble-app */,
				243F68232E08BBB6002A0631 /* Shared */,
				2444EDAB2E074A6C003EF2F7 /* emotion-text-bubble */,
				2444EDB62E074A6C003EF2F7 /* Frameworks */,
				2444EDAA2E074A6C003EF2F7 /* Products */,
			);
			sourceTree = "<group>";
		};
		2444EDAA2E074A6C003EF2F7 /* Products */ = {
			isa = PBXGroup;
			children = (
				2444EDA92E074A6C003EF2F7 /* emotion-text-bubble.app */,
				2444EDB22E074A6C003EF2F7 /* emotion-text-bubble-MessagesExtension.appex */,
			);
			name = Products;
			sourceTree = "<group>";
		};
		2444EDB62E074A6C003EF2F7 /* Frameworks */ = {
			isa = PBXGroup;
			children = (
				2444EDB72E074A6C003EF2F7 /* Messages.framework */,
			);
			name = Frameworks;
			sourceTree = "<group>";
		};
/* End PBXGroup section */

/* Begin PBXNativeTarget section */
		2444EDA82E074A6C003EF2F7 /* emotion-text-bubble */ = {
			isa = PBXNativeTarget;
			buildConfigurationList = 2444EDC92E074A6D003EF2F7 /* Build configuration list for PBXNativeTarget "emotion-text-bubble" */;
			buildPhases = (
				2444EDA72E074A6C003EF2F7 /* Resources */,
				2444EDC82E074A6D003EF2F7 /* Embed Foundation Extensions */,
			);
			buildRules = (
			);
			dependencies = (
				2444EDB52E074A6C003EF2F7 /* PBXTargetDependency */,
			);
			fileSystemSynchronizedGroups = (
				2444EDAB2E074A6C003EF2F7 /* emotion-text-bubble */,
			);
			name = "emotion-text-bubble";
			packageProductDependencies = (
			);
			productName = "emotion-text-bubble";
			productReference = 2444EDA92E074A6C003EF2F7 /* emotion-text-bubble.app */;
			productType = "com.apple.product-type.application.messages";
		};
		2444EDB12E074A6C003EF2F7 /* emotion-text-bubble-MessagesExtension */ = {
			isa = PBXNativeTarget;
			buildConfigurationList = 2444EDC32E074A6D003EF2F7 /* Build configuration list for PBXNativeTarget "emotion-text-bubble-MessagesExtension" */;
			buildPhases = (
				2444EDAE2E074A6C003EF2F7 /* Sources */,
				2444EDAF2E074A6C003EF2F7 /* Frameworks */,
				2444EDB02E074A6C003EF2F7 /* Resources */,
			);
			buildRules = (
			);
			dependencies = (
			);
			name = "emotion-text-bubble-MessagesExtension";
			packageProductDependencies = (
			);
			productName = "emotion-text-bubble MessagesExtension";
			productReference = 2444EDB22E074A6C003EF2F7 /* emotion-text-bubble-MessagesExtension.appex */;
			productType = "com.apple.product-type.app-extension.messages";
		};
/* End PBXNativeTarget section */

/* Begin PBXProject section */
		2444EDA32E074A6C003EF2F7 /* Project object */ = {
			isa = PBXProject;
			attributes = {
				BuildIndependentTargetsInParallel = 1;
				LastSwiftUpdateCheck = 1640;
				LastUpgradeCheck = 1640;
				TargetAttributes = {
					2444EDA82E074A6C003EF2F7 = {
						CreatedOnToolsVersion = 16.4;
						LastSwiftMigration = 1640;
					};
					2444EDB12E074A6C003EF2F7 = {
						CreatedOnToolsVersion = 16.4;
					};
				};
			};
			buildConfigurationList = 2444EDA62E074A6C003EF2F7 /* Build configuration list for PBXProject "emotion-text-bubble" */;
			developmentRegion = en;
			hasScannedForEncodings = 0;
			knownRegions = (
				en,
				Base,
			);
			mainGroup = 2444EDA22E074A6C003EF2F7;
			minimizedProjectReferenceProxies = 1;
			preferredProjectObjectVersion = 77;
			productRefGroup = 2444EDAA2E074A6C003EF2F7 /* Products */;
			projectDirPath = "";
			projectRoot = "";
			targets = (
				2444EDA82E074A6C003EF2F7 /* emotion-text-bubble */,
				2444EDB12E074A6C003EF2F7 /* emotion-text-bubble-MessagesExtension */,
			);
		};
/* End PBXProject section */

/* Begin PBXResourcesBuildPhase section */
		2444EDA72E074A6C003EF2F7 /* Resources */ = {
			isa = PBXResourcesBuildPhase;
			buildActionMask = 2147483647;
			files = (
				243F68382E08C0D8002A0631 /* Assets.xcassets in Resources */,
				243F68392E08C0D8002A0631 /* MainInterface.storyboard in Resources */,
				243F68242E08BBB6002A0631 /* emotion_color_mapping.json in Resources */,
			);
			runOnlyForDeploymentPostprocessing = 0;
		};
		2444EDB02E074A6C003EF2F7 /* Resources */ = {
			isa = PBXResourcesBuildPhase;
			buildActionMask = 2147483647;
			files = (
				243F68262E08BBB6002A0631 /* emotion_color_mapping.json in Resources */,
				243F68352E08C0D8002A0631 /* Assets.xcassets in Resources */,
				243F68362E08C0D8002A0631 /* MainInterface.storyboard in Resources */,
			);
			runOnlyForDeploymentPostprocessing = 0;
		};
/* End PBXResourcesBuildPhase section */

/* Begin PBXSourcesBuildPhase section */
		2444EDAE2E074A6C003EF2F7 /* Sources */ = {
			isa = PBXSourcesBuildPhase;
			buildActionMask = 2147483647;
			files = (
				243F68342E08C0D8002A0631 /* MessagesViewController.swift in Sources */,
				24B282B52E08FBF90019FACE /* EmotionClassifier.mlmodel in Sources */,
				243F68282E08BBC5002A0631 /* EmotionDetector.swift in Sources */,
				243F682D2E08BBEA002A0631 /* BubbleRenderer.swift in Sources */,
				243F682B2E08BBDD002A0631 /* EmotionColors.swift in Sources */,
			);
			runOnlyForDeploymentPostprocessing = 0;
		};
/* End PBXSourcesBuildPhase section */

/* Begin PBXTargetDependency section */
		2444EDB52E074A6C003EF2F7 /* PBXTargetDependency */ = {
			isa = PBXTargetDependency;
			target = 2444EDB12E074A6C003EF2F7 /* emotion-text-bubble-MessagesExtension */;
			targetProxy = 2444EDB42E074A6C003EF2F7 /* PBXContainerItemProxy */;
		};
/* End PBXTargetDependency section */

/* Begin PBXVariantGroup section */
		243F68312E08C0D8002A0631 /* MainInterface.storyboard */ = {
			isa = PBXVariantGroup;
			children = (
				243F68302E08C0D8002A0631 /* Base */,
			);
			name = MainInterface.storyboard;
			sourceTree = "<group>";
		};
/* End PBXVariantGroup section */

/* Begin XCBuildConfiguration section */
		2444EDC42E074A6D003EF2F7 /* Debug */ = {
			isa = XCBuildConfiguration;
			buildSettings = {
				ASSETCATALOG_COMPILER_APPICON_NAME = "iMessage App Icon";
				CODE_SIGN_STYLE = Automatic;
				CURRENT_PROJECT_VERSION = 1;
				GENERATE_INFOPLIST_FILE = YES;
				INFOPLIST_FILE = "emotion-text-bubble-app/Info.plist";
				INFOPLIST_KEY_CFBundleDisplayName = "emotion-text-bubble";
				INFOPLIST_KEY_NSHumanReadableCopyright = "";
				LD_RUNPATH_SEARCH_PATHS = (
					"$(inherited)",
					"@executable_path/Frameworks",
					"@executable_path/../../Frameworks",
				);
				MARKETING_VERSION = 1.0;
				PRODUCT_BUNDLE_IDENTIFIER = "ezruby.emotion-text-bubble.MessagesExtension";
				PRODUCT_NAME = "$(TARGET_NAME)";
				SKIP_INSTALL = YES;
				SWIFT_EMIT_LOC_STRINGS = YES;
				SWIFT_VERSION = 5.0;
				TARGETED_DEVICE_FAMILY = "1,2";
			};
			name = Debug;
		};
		2444EDC52E074A6D003EF2F7 /* Release */ = {
			isa = XCBuildConfiguration;
			buildSettings = {
				ASSETCATALOG_COMPILER_APPICON_NAME = "iMessage App Icon";
				CODE_SIGN_STYLE = Automatic;
				CURRENT_PROJECT_VERSION = 1;
				GENERATE_INFOPLIST_FILE = YES;
				INFOPLIST_FILE = "emotion-text-bubble-app/Info.plist";
				INFOPLIST_KEY_CFBundleDisplayName = "emotion-text-bubble";
				INFOPLIST_KEY_NSHumanReadableCopyright = "";
				LD_RUNPATH_SEARCH_PATHS = (
					"$(inherited)",
					"@executable_path/Frameworks",
					"@executable_path/../../Frameworks",
				);
				MARKETING_VERSION = 1.0;
				PRODUCT_BUNDLE_IDENTIFIER = "ezruby.emotion-text-bubble.MessagesExtension";
				PRODUCT_NAME = "$(TARGET_NAME)";
				SKIP_INSTALL = YES;
				SWIFT_EMIT_LOC_STRINGS = YES;
				SWIFT_VERSION = 5.0;
				TARGETED_DEVICE_FAMILY = "1,2";
			};
			name = Release;
		};
		2444EDC62E074A6D003EF2F7 /* Debug */ = {
			isa = XCBuildConfiguration;
			buildSettings = {
				ALWAYS_SEARCH_USER_PATHS = NO;
				ASSETCATALOG_COMPILER_GENERATE_SWIFT_ASSET_SYMBOL_EXTENSIONS = YES;
				CLANG_ANALYZER_NONNULL = YES;
				CLANG_ANALYZER_NUMBER_OBJECT_CONVERSION = YES_AGGRESSIVE;
				CLANG_CXX_LANGUAGE_STANDARD = "gnu++20";
				CLANG_ENABLE_MODULES = YES;
				CLANG_ENABLE_OBJC_ARC = YES;
				CLANG_ENABLE_OBJC_WEAK = YES;
				CLANG_WARN_BLOCK_CAPTURE_AUTORELEASING = YES;
				CLANG_WARN_BOOL_CONVERSION = YES;
				CLANG_WARN_COMMA = YES;
				CLANG_WARN_CONSTANT_CONVERSION = YES;
				CLANG_WARN_DEPRECATED_OBJC_IMPLEMENTATIONS = YES;
				CLANG_WARN_DIRECT_OBJC_ISA_USAGE = YES_ERROR;
				CLANG_WARN_DOCUMENTATION_COMMENTS = YES;
				CLANG_WARN_EMPTY_BODY = YES;
				CLANG_WARN_ENUM_CONVERSION = YES;
				CLANG_WARN_INFINITE_RECURSION = YES;
				CLANG_WARN_INT_CONVERSION = YES;
				CLANG_WARN_NON_LITERAL_NULL_CONVERSION = YES;
				CLANG_WARN_OBJC_IMPLICIT_RETAIN_SELF = YES;
				CLANG_WARN_OBJC_LITERAL_CONVERSION = YES;
				CLANG_WARN_OBJC_ROOT_CLASS = YES_ERROR;
				CLANG_WARN_QUOTED_INCLUDE_IN_FRAMEWORK_HEADER = YES;
				CLANG_WARN_RANGE_LOOP_ANALYSIS = YES;
				CLANG_WARN_STRICT_PROTOTYPES = YES;
				CLANG_WARN_SUSPICIOUS_MOVE = YES;
				CLANG_WARN_UNGUARDED_AVAILABILITY = YES_AGGRESSIVE;
				CLANG_WARN_UNREACHABLE_CODE = YES;
				CLANG_WARN__DUPLICATE_METHOD_MATCH = YES;
				COPY_PHASE_STRIP = NO;
				DEBUG_INFORMATION_FORMAT = dwarf;
				ENABLE_STRICT_OBJC_MSGSEND = YES;
				ENABLE_TESTABILITY = YES;
				ENABLE_USER_SCRIPT_SANDBOXING = YES;
				GCC_C_LANGUAGE_STANDARD = gnu17;
				GCC_DYNAMIC_NO_PIC = NO;
				GCC_NO_COMMON_BLOCKS = YES;
				GCC_OPTIMIZATION_LEVEL = 0;
				GCC_PREPROCESSOR_DEFINITIONS = (
					"DEBUG=1",
					"$(inherited)",
				);
				GCC_WARN_64_TO_32_BIT_CONVERSION = YES;
				GCC_WARN_ABOUT_RETURN_TYPE = YES_ERROR;
				GCC_WARN_UNDECLARED_SELECTOR = YES;
				GCC_WARN_UNINITIALIZED_AUTOS = YES_AGGRESSIVE;
				GCC_WARN_UNUSED_FUNCTION = YES;
				GCC_WARN_UNUSED_VARIABLE = YES;
				IPHONEOS_DEPLOYMENT_TARGET = 18.5;
				LOCALIZATION_PREFERS_STRING_CATALOGS = YES;
				MTL_ENABLE_DEBUG_INFO = INCLUDE_SOURCE;
				MTL_FAST_MATH = YES;
				ONLY_ACTIVE_ARCH = YES;
				SDKROOT = iphoneos;
				SWIFT_ACTIVE_COMPILATION_CONDITIONS = "DEBUG $(inherited)";
				SWIFT_OPTIMIZATION_LEVEL = "-Onone";
			};
			name = Debug;
		};
		2444EDC72E074A6D003EF2F7 /* Release */ = {
			isa = XCBuildConfiguration;
			buildSettings = {
				ALWAYS_SEARCH_USER_PATHS = NO;
				ASSETCATALOG_COMPILER_GENERATE_SWIFT_ASSET_SYMBOL_EXTENSIONS = YES;
				CLANG_ANALYZER_NONNULL = YES;
				CLANG_ANALYZER_NUMBER_OBJECT_CONVERSION = YES_AGGRESSIVE;
				CLANG_CXX_LANGUAGE_STANDARD = "gnu++20";
				CLANG_ENABLE_MODULES = YES;
				CLANG_ENABLE_OBJC_ARC = YES;
				CLANG_ENABLE_OBJC_WEAK = YES;
				CLANG_WARN_BLOCK_CAPTURE_AUTORELEASING = YES;
				CLANG_WARN_BOOL_CONVERSION = YES;
				CLANG_WARN_COMMA = YES;
				CLANG_WARN_CONSTANT_CONVERSION = YES;
				CLANG_WARN_DEPRECATED_OBJC_IMPLEMENTATIONS = YES;
				CLANG_WARN_DIRECT_OBJC_ISA_USAGE = YES_ERROR;
				CLANG_WARN_DOCUMENTATION_COMMENTS = YES;
				CLANG_WARN_EMPTY_BODY = YES;
				CLANG_WARN_ENUM_CONVERSION = YES;
				CLANG_WARN_INFINITE_RECURSION = YES;
				CLANG_WARN_INT_CONVERSION = YES;
				CLANG_WARN_NON_LITERAL_NULL_CONVERSION = YES;
				CLANG_WARN_OBJC_IMPLICIT_RETAIN_SELF = YES;
				CLANG_WARN_OBJC_LITERAL_CONVERSION = YES;
				CLANG_WARN_OBJC_ROOT_CLASS = YES_ERROR;
				CLANG_WARN_QUOTED_INCLUDE_IN_FRAMEWORK_HEADER = YES;
				CLANG_WARN_RANGE_LOOP_ANALYSIS = YES;
				CLANG_WARN_STRICT_PROTOTYPES = YES;
				CLANG_WARN_SUSPICIOUS_MOVE = YES;
				CLANG_WARN_UNGUARDED_AVAILABILITY = YES_AGGRESSIVE;
				CLANG_WARN_UNREACHABLE_CODE = YES;
				CLANG_WARN__DUPLICATE_METHOD_MATCH = YES;
				COPY_PHASE_STRIP = NO;
				DEBUG_INFORMATION_FORMAT = "dwarf-with-dsym";
				ENABLE_NS_ASSERTIONS = NO;
				ENABLE_STRICT_OBJC_MSGSEND = YES;
				ENABLE_USER_SCRIPT_SANDBOXING = YES;
				GCC_C_LANGUAGE_STANDARD = gnu17;
				GCC_NO_COMMON_BLOCKS = YES;
				GCC_WARN_64_TO_32_BIT_CONVERSION = YES;
				GCC_WARN_ABOUT_RETURN_TYPE = YES_ERROR;
				GCC_WARN_UNDECLARED_SELECTOR = YES;
				GCC_WARN_UNINITIALIZED_AUTOS = YES_AGGRESSIVE;
				GCC_WARN_UNUSED_FUNCTION = YES;
				GCC_WARN_UNUSED_VARIABLE = YES;
				IPHONEOS_DEPLOYMENT_TARGET = 18.5;
				LOCALIZATION_PREFERS_STRING_CATALOGS = YES;
				MTL_ENABLE_DEBUG_INFO = NO;
				MTL_FAST_MATH = YES;
				SDKROOT = iphoneos;
				SWIFT_COMPILATION_MODE = wholemodule;
				VALIDATE_PRODUCT = YES;
			};
			name = Release;
		};
		2444EDCA2E074A6D003EF2F7 /* Debug */ = {
			isa = XCBuildConfiguration;
			buildSettings = {
				ASSETCATALOG_COMPILER_APPICON_NAME = AppIcon;
				CLANG_ENABLE_MODULES = YES;
				CODE_SIGN_STYLE = Automatic;
				CURRENT_PROJECT_VERSION = 1;
				GENERATE_INFOPLIST_FILE = YES;
				INFOPLIST_KEY_UILaunchStoryboardName = LaunchScreen;
				INFOPLIST_KEY_UISupportedInterfaceOrientations_iPad = "UIInterfaceOrientationPortrait UIInterfaceOrientationPortraitUpsideDown UIInterfaceOrientationLandscapeLeft UIInterfaceOrientationLandscapeRight";
				INFOPLIST_KEY_UISupportedInterfaceOrientations_iPhone = "UIInterfaceOrientationPortrait UIInterfaceOrientationLandscapeLeft UIInterfaceOrientationLandscapeRight";
				MARKETING_VERSION = 1.0;
				PRODUCT_BUNDLE_IDENTIFIER = "ezruby.emotion-text-bubble";
				PRODUCT_NAME = "$(TARGET_NAME)";
				SWIFT_EMIT_LOC_STRINGS = YES;
				SWIFT_OBJC_BRIDGING_HEADER = "Shared/emotion-text-bubble-Bridging-Header.h";
				SWIFT_OPTIMIZATION_LEVEL = "-Onone";
				SWIFT_VERSION = 5.0;
				TARGETED_DEVICE_FAMILY = "1,2";
			};
			name = Debug;
		};
		2444EDCB2E074A6D003EF2F7 /* Release */ = {
			isa = XCBuildConfiguration;
			buildSettings = {
				ASSETCATALOG_COMPILER_APPICON_NAME = AppIcon;
				CLANG_ENABLE_MODULES = YES;
				CODE_SIGN_STYLE = Automatic;
				CURRENT_PROJECT_VERSION = 1;
				GENERATE_INFOPLIST_FILE = YES;
				INFOPLIST_KEY_UILaunchStoryboardName = LaunchScreen;
				INFOPLIST_KEY_UISupportedInterfaceOrientations_iPad = "UIInterfaceOrientationPortrait UIInterfaceOrientationPortraitUpsideDown UIInterfaceOrientationLandscapeLeft UIInterfaceOrientationLandscapeRight";
				INFOPLIST_KEY_UISupportedInterfaceOrientations_iPhone = "UIInterfaceOrientationPortrait UIInterfaceOrientationLandscapeLeft UIInterfaceOrientationLandscapeRight";
				MARKETING_VERSION = 1.0;
				PRODUCT_BUNDLE_IDENTIFIER = "ezruby.emotion-text-bubble";
				PRODUCT_NAME = "$(TARGET_NAME)";
				SWIFT_EMIT_LOC_STRINGS = YES;
				SWIFT_OBJC_BRIDGING_HEADER = "Shared/emotion-text-bubble-Bridging-Header.h";
				SWIFT_VERSION = 5.0;
				TARGETED_DEVICE_FAMILY = "1,2";
			};
			name = Release;
		};
/* End XCBuildConfiguration section */

/* Begin XCConfigurationList section */
		2444EDA62E074A6C003EF2F7 /* Build configuration list for PBXProject "emotion-text-bubble" */ = {
			isa = XCConfigurationList;
			buildConfigurations = (
				2444EDC62E074A6D003EF2F7 /* Debug */,
				2444EDC72E074A6D003EF2F7 /* Release */,
			);
			defaultConfigurationIsVisible = 0;
			defaultConfigurationName = Release;
		};
		2444EDC32E074A6D003EF2F7 /* Build configuration list for PBXNativeTarget "emotion-text-bubble-MessagesExtension" */ = {
			isa = XCConfigurationList;
			buildConfigurations = (
				2444EDC42E074A6D003EF2F7 /* Debug */,
				2444EDC52E074A6D003EF2F7 /* Release */,
			);
			defaultConfigurationIsVisible = 0;
			defaultConfigurationName = Release;
		};
		2444EDC92E074A6D003EF2F7 /* Build configuration list for PBXNativeTarget "emotion-text-bubble" */ = {
			isa = XCConfigurationList;
			buildConfigurations = (
				2444EDCA2E074A6D003EF2F7 /* Debug */,
				2444EDCB2E074A6D003EF2F7 /* Release */,
			);
			defaultConfigurationIsVisible = 0;
			defaultConfigurationName = Release;
		};
/* End XCConfigurationList section */
	};
	rootObject = 2444EDA32E074A6C003EF2F7 /* Project object */;
}
